{
  "lockfileVersion": 1,
  "configVersion": 0,
  "workspaces": {
    "": {
      "devDependencies": {
        "@biomejs/biome": "2.3.11",
        "@types/bun": "^1.3.6",
        "wabt": "^1.0.32",
      },
    },
    "packages/cli": {
      "name": "@encantis/cli",
      "version": "0.1.0",
      "bin": {
        "encantis": "dist/cli.js",
      },
      "dependencies": {
        "@encantis/compiler": "workspace:*",
      },
      "devDependencies": {
        "@types/bun": "^1.3.6",
        "typescript": "^5.0.0",
      },
    },
    "packages/compiler": {
      "name": "@encantis/compiler",
      "version": "0.1.0",
      "dependencies": {
        "@creationix/jot": "^0.1.1",
        "ohm-js": "^17.3.0",
      },
      "devDependencies": {
        "@types/bun": "^1.3.6",
        "typescript": "^5.0.0",
      },
    },
    "packages/extension": {
      "name": "encantis-vscode-ext",
      "version": "0.0.4",
      "dependencies": {
        "@encantis/compiler": "workspace:*",
        "vscode-languageclient": "^9.0.1",
        "vscode-languageserver": "^9.0.1",
        "vscode-languageserver-textdocument": "^1.0.11",
      },
      "devDependencies": {
        "@types/bun": "^1.3.6",
        "@types/node": "^20.0.0",
        "@types/vscode": "^1.75.0",
        "typescript": "^5.0.0",
      },
    },
  },
  "packages": {
    "@biomejs/biome": ["@biomejs/biome@2.3.11", "", { "optionalDependencies": { "@biomejs/cli-darwin-arm64": "2.3.11", "@biomejs/cli-darwin-x64": "2.3.11", "@biomejs/cli-linux-arm64": "2.3.11", "@biomejs/cli-linux-arm64-musl": "2.3.11", "@biomejs/cli-linux-x64": "2.3.11", "@biomejs/cli-linux-x64-musl": "2.3.11", "@biomejs/cli-win32-arm64": "2.3.11", "@biomejs/cli-win32-x64": "2.3.11" }, "bin": { "biome": "bin/biome" } }, "sha512-/zt+6qazBWguPG6+eWmiELqO+9jRsMZ/DBU3lfuU2ngtIQYzymocHhKiZRyrbra4aCOoyTg/BmY+6WH5mv9xmQ=="],

    "@biomejs/cli-darwin-arm64": ["@biomejs/cli-darwin-arm64@2.3.11", "", { "os": "darwin", "cpu": "arm64" }, "sha512-/uXXkBcPKVQY7rc9Ys2CrlirBJYbpESEDme7RKiBD6MmqR2w3j0+ZZXRIL2xiaNPsIMMNhP1YnA+jRRxoOAFrA=="],

    "@biomejs/cli-darwin-x64": ["@biomejs/cli-darwin-x64@2.3.11", "", { "os": "darwin", "cpu": "x64" }, "sha512-fh7nnvbweDPm2xEmFjfmq7zSUiox88plgdHF9OIW4i99WnXrAC3o2P3ag9judoUMv8FCSUnlwJCM1B64nO5Fbg=="],

    "@biomejs/cli-linux-arm64": ["@biomejs/cli-linux-arm64@2.3.11", "", { "os": "linux", "cpu": "arm64" }, "sha512-l4xkGa9E7Uc0/05qU2lMYfN1H+fzzkHgaJoy98wO+b/7Gl78srbCRRgwYSW+BTLixTBrM6Ede5NSBwt7rd/i6g=="],

    "@biomejs/cli-linux-arm64-musl": ["@biomejs/cli-linux-arm64-musl@2.3.11", "", { "os": "linux", "cpu": "arm64" }, "sha512-XPSQ+XIPZMLaZ6zveQdwNjbX+QdROEd1zPgMwD47zvHV+tCGB88VH+aynyGxAHdzL+Tm/+DtKST5SECs4iwCLg=="],

    "@biomejs/cli-linux-x64": ["@biomejs/cli-linux-x64@2.3.11", "", { "os": "linux", "cpu": "x64" }, "sha512-/1s9V/H3cSe0r0Mv/Z8JryF5x9ywRxywomqZVLHAoa/uN0eY7F8gEngWKNS5vbbN/BsfpCG5yeBT5ENh50Frxg=="],

    "@biomejs/cli-linux-x64-musl": ["@biomejs/cli-linux-x64-musl@2.3.11", "", { "os": "linux", "cpu": "x64" }, "sha512-vU7a8wLs5C9yJ4CB8a44r12aXYb8yYgBn+WeyzbMjaCMklzCv1oXr8x+VEyWodgJt9bDmhiaW/I0RHbn7rsNmw=="],

    "@biomejs/cli-win32-arm64": ["@biomejs/cli-win32-arm64@2.3.11", "", { "os": "win32", "cpu": "arm64" }, "sha512-PZQ6ElCOnkYapSsysiTy0+fYX+agXPlWugh6+eQ6uPKI3vKAqNp6TnMhoM3oY2NltSB89hz59o8xIfOdyhi9Iw=="],

    "@biomejs/cli-win32-x64": ["@biomejs/cli-win32-x64@2.3.11", "", { "os": "win32", "cpu": "x64" }, "sha512-43VrG813EW+b5+YbDbz31uUsheX+qFKCpXeY9kfdAx+ww3naKxeVkTD9zLIWxUPfJquANMHrmW3wbe/037G0Qg=="],

    "@creationix/jot": ["@creationix/jot@0.1.1", "", {}, "sha512-wsvFEDlPn7vD8e96Dj6Hq/95RK5gYb6VmKtO+sdvUDJwEt+jMkE5I6aqFAIQWSqQcbJQZEr0Nx0/iAMpmFCKtQ=="],

    "@encantis/cli": ["@encantis/cli@workspace:packages/cli"],

    "@encantis/compiler": ["@encantis/compiler@workspace:packages/compiler"],

    "@types/bun": ["@types/bun@1.3.6", "", { "dependencies": { "bun-types": "1.3.6" } }, "sha512-uWCv6FO/8LcpREhenN1d1b6fcspAB+cefwD7uti8C8VffIv0Um08TKMn98FynpTiU38+y2dUO55T11NgDt8VAA=="],

    "@types/node": ["@types/node@20.19.30", "", { "dependencies": { "undici-types": "~6.21.0" } }, "sha512-WJtwWJu7UdlvzEAUm484QNg5eAoq5QR08KDNx7g45Usrs2NtOPiX8ugDqmKdXkyL03rBqU5dYNYVQetEpBHq2g=="],

    "@types/vscode": ["@types/vscode@1.108.1", "", {}, "sha512-DerV0BbSzt87TbrqmZ7lRDIYaMiqvP8tmJTzW2p49ZBVtGUnGAu2RGQd1Wv4XMzEVUpaHbsemVM5nfuQJj7H6w=="],

    "balanced-match": ["balanced-match@1.0.2", "", {}, "sha512-3oSeUO0TMV67hN1AmbXsK4yaqU7tjiHlbxRDZOpH0KW9+CeX4bRAaX0Anxt0tx2MrpRpWwQaPwIlISEJhYU5Pw=="],

    "brace-expansion": ["brace-expansion@2.0.2", "", { "dependencies": { "balanced-match": "^1.0.0" } }, "sha512-Jt0vHyM+jmUBqojB7E1NIYadt0vI0Qxjxd2TErW94wDz+E2LAm5vKMXXwg6ZZBTHPuUlDgQHKXvjGBdfcF1ZDQ=="],

    "bun-types": ["bun-types@1.3.6", "", { "dependencies": { "@types/node": "*" } }, "sha512-OlFwHcnNV99r//9v5IIOgQ9Uk37gZqrNMCcqEaExdkVq3Avwqok1bJFmvGMCkCE0FqzdY8VMOZpfpR3lwI+CsQ=="],

    "encantis-vscode-ext": ["encantis-vscode-ext@workspace:packages/extension"],

    "minimatch": ["minimatch@5.1.6", "", { "dependencies": { "brace-expansion": "^2.0.1" } }, "sha512-lKwV/1brpG6mBUFHtb7NUmtABCb2WZZmm2wNiOA5hAb8VdCS4B3dtMWyvcoViccwAW/COERjXLt0zP1zXUN26g=="],

    "ohm-js": ["ohm-js@17.3.0", "", {}, "sha512-LySMdjweN1hKBMMV8lM44+1wiewkndDNNJxtgVAscs7y683MXCdQZLsIaw64/p8NuqYbKOWZoHIOA5DU/xchoA=="],

    "semver": ["semver@7.7.3", "", { "bin": { "semver": "bin/semver.js" } }, "sha512-SdsKMrI9TdgjdweUSR9MweHA4EJ8YxHn8DFaDisvhVlUOe4BF1tLD7GAj0lIqWVl+dPb/rExr0Btby5loQm20Q=="],

    "typescript": ["typescript@5.9.3", "", { "bin": { "tsc": "bin/tsc", "tsserver": "bin/tsserver" } }, "sha512-jl1vZzPDinLr9eUt3J/t7V6FgNEw9QjvBPdysz9KfQDD41fQrC2Y4vKQdiaUpFT4bXlb1RHhLpp8wtm6M5TgSw=="],

    "undici-types": ["undici-types@6.21.0", "", {}, "sha512-iwDZqg0QAGrg9Rav5H4n0M64c3mkR59cJ6wQp+7C4nI0gsmExaedaYLNO44eT4AtBBwjbTiGPMlt2Md0T9H9JQ=="],

    "vscode-jsonrpc": ["vscode-jsonrpc@8.2.0", "", {}, "sha512-C+r0eKJUIfiDIfwJhria30+TYWPtuHJXHtI7J0YlOmKAo7ogxP20T0zxB7HZQIFhIyvoBPwWskjxrvAtfjyZfA=="],

    "vscode-languageclient": ["vscode-languageclient@9.0.1", "", { "dependencies": { "minimatch": "^5.1.0", "semver": "^7.3.7", "vscode-languageserver-protocol": "3.17.5" } }, "sha512-JZiimVdvimEuHh5olxhxkht09m3JzUGwggb5eRUkzzJhZ2KjCN0nh55VfiED9oez9DyF8/fz1g1iBV3h+0Z2EA=="],

    "vscode-languageserver": ["vscode-languageserver@9.0.1", "", { "dependencies": { "vscode-languageserver-protocol": "3.17.5" }, "bin": { "installServerIntoExtension": "bin/installServerIntoExtension" } }, "sha512-woByF3PDpkHFUreUa7Hos7+pUWdeWMXRd26+ZX2A8cFx6v/JPTtd4/uN0/jB6XQHYaOlHbio03NTHCqrgG5n7g=="],

    "vscode-languageserver-protocol": ["vscode-languageserver-protocol@3.17.5", "", { "dependencies": { "vscode-jsonrpc": "8.2.0", "vscode-languageserver-types": "3.17.5" } }, "sha512-mb1bvRJN8SVznADSGWM9u/b07H7Ecg0I3OgXDuLdn307rl/J3A9YD6/eYOssqhecL27hK1IPZAsaqh00i/Jljg=="],

    "vscode-languageserver-textdocument": ["vscode-languageserver-textdocument@1.0.12", "", {}, "sha512-cxWNPesCnQCcMPeenjKKsOCKQZ/L6Tv19DTRIGuLWe32lyzWhihGVJ/rcckZXJxfdKCFvRLS3fpBIsV/ZGX4zA=="],

    "vscode-languageserver-types": ["vscode-languageserver-types@3.17.5", "", {}, "sha512-Ld1VelNuX9pdF39h2Hgaeb5hEZM2Z3jUrrMgWQAu82jMtZp7p3vJT3BzToKtZI7NgQssZje5o0zryOrhQvzQAg=="],

    "wabt": ["wabt@1.0.39", "", { "bin": { "wasm2c": "bin/wasm2c", "wasm2wat": "bin/wasm2wat", "wat2wasm": "bin/wat2wasm", "wasm-stats": "bin/wasm-stats", "wasm-strip": "bin/wasm-strip", "wasm-interp": "bin/wasm-interp", "wasm-objdump": "bin/wasm-objdump", "wasm-validate": "bin/wasm-validate", "wasm-decompile": "bin/wasm-decompile" } }, "sha512-ba+dRL/75VQQY7RkU/CgriGbkoWAfS8TDyUlJfJhJ8KhtXgMl5dhNvoPNUcQ9IWRhW8u41glMSuZeTvsYq2rRg=="],

    "bun-types/@types/node": ["@types/node@25.0.9", "", { "dependencies": { "undici-types": "~7.16.0" } }, "sha512-/rpCXHlCWeqClNBwUhDcusJxXYDjZTyE8v5oTO7WbL8eij2nKhUeU89/6xgjU7N4/Vh3He0BtyhJdQbDyhiXAw=="],

    "bun-types/@types/node/undici-types": ["undici-types@7.16.0", "", {}, "sha512-Zz+aZWSj8LE6zoxD+xrjh4VfkIG8Ya6LvYkZqtUQGJPZjYl53ypCaUwWqo7eI0x66KBGeRo+mlBEkMSeSZ38Nw=="],
  }
}
