{
  "name": "wasmscript",
  "lockfileVersion": 2,
  "requires": true,
  "packages": {
    "": {
      "dependencies": {
        "binaryen": "^102.0.0"
      }
    },
    "node_modules/binaryen": {
      "version": "102.0.0",
      "resolved": "https://registry.npmjs.org/binaryen/-/binaryen-102.0.0.tgz",
      "integrity": "sha512-lXemQSay90n49CHlUgWl68/q2/htIJrVrvUkNP3U38RkcyvaqBurIhFadf7NF5v7CT1HzmNufiURE6WRNF1l5g==",
      "bin": {
        "wasm-opt": "bin/wasm-opt"
      }
    }
  },
  "dependencies": {
    "binaryen": {
      "version": "102.0.0",
      "resolved": "https://registry.npmjs.org/binaryen/-/binaryen-102.0.0.tgz",
      "integrity": "sha512-lXemQSay90n49CHlUgWl68/q2/htIJrVrvUkNP3U38RkcyvaqBurIhFadf7NF5v7CT1HzmNufiURE6WRNF1l5g=="
    }
  }
}
